
Microsoft Visual Studio Solution File, Format Version 12.00
# Visual Studio Version 16
VisualStudioVersion = 16.0.30907.101
MinimumVisualStudioVersion = 10.0.40219.1
Project("{FAE04EC0-301F-11D3-BF4B-00C04F79EFBC}") = "LoginDemo", "LoginDemo\LoginDemo.csproj", "{95AF6A52-FF7D-48A5-9416-368B22E6FECB}"
EndProject
Global
	GlobalSection(SolutionConfigurationPlatforms) = preSolution
		Debug|Any CPU = Debug|Any CPU
		Release|Any CPU = Release|Any CPU
	EndGlobalSection
	GlobalSection(ProjectConfigurationPlatforms) = postSolution
		{95AF6A52-FF7D-48A5-9416-368B22E6FECB}.Debug|Any CPU.ActiveCfg = Debug|Any CPU
		{95AF6A52-FF7D-48A5-9416-368B22E6FECB}.Debug|Any CPU.Build.0 = Debug|Any CPU
		{95AF6A52-FF7D-48A5-9416-368B22E6FECB}.Release|Any CPU.ActiveCfg = Release|Any CPU
		{95AF6A52-FF7D-48A5-9416-368B22E6FECB}.Release|Any CPU.Build.0 = Release|Any CPU
	EndGlobalSection
	GlobalSection(SolutionProperties) = preSolution
		HideSolutionNode = FALSE
	EndGlobalSection
	GlobalSection(ExtensibilityGlobals) = postSolution
		SolutionGuid = {F6F41742-0DDE-44E2-9203-02BB87E000E7}
	EndGlobalSection
EndGlobal
